# This file is automatically @generated by Veryl.
# It is not intended for manual editing.
version = 1

[[projects]]
name = "memutils"
dependencies = []

[projects.source]
uuid = "73290981-13ef-5762-b4ee-50ff5c5f3c3b"
url = "https://github.com/jbeaurivage/memutils-veryl"
path = ""
project = "memutils"
version = "0.4.2"
revision = "7943daad383f5a4440fe4835c2cb4f02e74137fc"
