# This file is automatically @generated by Veryl.
# It is not intended for manual editing.
version = 1

[[projects]]
name = "memutils"
dependencies = []

[projects.source]
uuid = "8ab30ad3-171a-5c78-ac19-63895db8d8c9"
url = "https://github.com/jbeaurivage/memutils-veryl"
path = ""
project = "memutils"
version = "0.4.1"
revision = "a7e3914d36fea4c09df6c4254f49a5279217d02a"
